{
  "nodes": {
    "buildbot-nix": {
      "inputs": {
        "flake-parts": "flake-parts",
        "hercules-ci-effects": "hercules-ci-effects",
        "nixpkgs": [
          "nixpkgs"
        ],
        "treefmt-nix": "treefmt-nix"
      },
      "locked": {
        "lastModified": 1739456434,
        "narHash": "sha256-uJAPcqNplLPM0L6vzZCkghyU6vLQzZm+zOzDODq/pY8=",
        "owner": "nix-community",
        "repo": "buildbot-nix",
        "rev": "dfa7ed3c4e3b300b6e8bd02ffda6cbc6aa2b2817",
        "type": "github"
      },
      "original": {
        "owner": "nix-community",
        "repo": "buildbot-nix",
        "type": "github"
      }
    },
    "crane": {
      "locked": {
        "lastModified": 1739815359,
        "narHash": "sha256-mjB72/7Fgk5bsIIKA4G9LkIb/u0Ci+VdOyQSgBuQtjo=",
        "owner": "ipetkov",
        "repo": "crane",
        "rev": "282159b2b0588b87a9dbcc40decc91dd5bed5c89",
        "type": "github"
      },
      "original": {
        "owner": "ipetkov",
        "repo": "crane",
        "type": "github"
      }
    },
    "flake-parts": {
      "inputs": {
        "nixpkgs-lib": [
          "buildbot-nix",
          "nixpkgs"
        ]
      },
      "locked": {
        "lastModified": 1738453229,
        "narHash": "sha256-7H9XgNiGLKN1G1CgRh0vUL4AheZSYzPm+zmZ7vxbJdo=",
        "owner": "hercules-ci",
        "repo": "flake-parts",
        "rev": "32ea77a06711b758da0ad9bd6a844c5740a87abd",
        "type": "github"
      },
      "original": {
        "owner": "hercules-ci",
        "repo": "flake-parts",
        "type": "github"
      }
    },
    "flake-parts_2": {
      "inputs": {
        "nixpkgs-lib": "nixpkgs-lib"
      },
      "locked": {
        "lastModified": 1738453229,
        "narHash": "sha256-7H9XgNiGLKN1G1CgRh0vUL4AheZSYzPm+zmZ7vxbJdo=",
        "owner": "hercules-ci",
        "repo": "flake-parts",
        "rev": "32ea77a06711b758da0ad9bd6a844c5740a87abd",
        "type": "github"
      },
      "original": {
        "owner": "hercules-ci",
        "repo": "flake-parts",
        "type": "github"
      }
    },
    "hercules-ci-effects": {
      "inputs": {
        "flake-parts": [
          "buildbot-nix",
          "flake-parts"
        ],
        "nixpkgs": [
          "buildbot-nix",
          "nixpkgs"
        ]
      },
      "locked": {
        "lastModified": 1738237977,
        "narHash": "sha256-oJN/yvRL7G0WlR/hTkQIjFbPkzCV+sFnNB/38Tb9RL4=",
        "owner": "hercules-ci",
        "repo": "hercules-ci-effects",
        "rev": "6d1b6d5d59758b4f5f05745f774fc13cdc59da43",
        "type": "github"
      },
      "original": {
        "owner": "hercules-ci",
        "repo": "hercules-ci-effects",
        "type": "github"
      }
    },
    "nixpkgs": {
      "locked": {
        "lastModified": 1739736696,
        "narHash": "sha256-zON2GNBkzsIyALlOCFiEBcIjI4w38GYOb+P+R4S8Jsw=",
        "owner": "NixOS",
        "repo": "nixpkgs",
        "rev": "d74a2335ac9c133d6bbec9fc98d91a77f1604c1f",
        "type": "github"
      },
      "original": {
        "owner": "NixOS",
        "ref": "nixos-unstable",
        "repo": "nixpkgs",
        "type": "github"
      }
    },
    "nixpkgs-lib": {
      "locked": {
        "lastModified": 1738452942,
        "narHash": "sha256-vJzFZGaCpnmo7I6i416HaBLpC+hvcURh/BQwROcGIp8=",
        "type": "tarball",
        "url": "https://github.com/NixOS/nixpkgs/archive/072a6db25e947df2f31aab9eccd0ab75d5b2da11.tar.gz"
      },
      "original": {
        "type": "tarball",
        "url": "https://github.com/NixOS/nixpkgs/archive/072a6db25e947df2f31aab9eccd0ab75d5b2da11.tar.gz"
      }
    },
    "nixpkgs_2": {
      "locked": {
        "lastModified": 1736320768,
        "narHash": "sha256-nIYdTAiKIGnFNugbomgBJR+Xv5F1ZQU+HfaBqJKroC0=",
        "owner": "NixOS",
        "repo": "nixpkgs",
        "rev": "4bc9c909d9ac828a039f288cf872d16d38185db8",
        "type": "github"
      },
      "original": {
        "owner": "NixOS",
        "ref": "nixpkgs-unstable",
        "repo": "nixpkgs",
        "type": "github"
      }
    },
    "root": {
      "inputs": {
        "buildbot-nix": "buildbot-nix",
        "crane": "crane",
        "flake-parts": "flake-parts_2",
        "nixpkgs": "nixpkgs",
        "rust-overlay": "rust-overlay",
        "treefmt-nix": "treefmt-nix_2"
      }
    },
    "rust-overlay": {
      "inputs": {
        "nixpkgs": "nixpkgs_2"
      },
      "locked": {
        "lastModified": 1739759407,
        "narHash": "sha256-YIrVxD2SaUyaEdMry2nAd2qG1E0V38QIV6t6rpguFwk=",
        "owner": "oxalica",
        "repo": "rust-overlay",
        "rev": "6e6ae2acf4221380140c22d65b6c41f4726f5932",
        "type": "github"
      },
      "original": {
        "owner": "oxalica",
        "repo": "rust-overlay",
        "type": "github"
      }
    },
    "treefmt-nix": {
      "inputs": {
        "nixpkgs": [
          "buildbot-nix",
          "nixpkgs"
        ]
      },
      "locked": {
        "lastModified": 1738953846,
        "narHash": "sha256-yrK3Hjcr8F7qS/j2F+r7C7o010eVWWlm4T1PrbKBOxQ=",
        "owner": "numtide",
        "repo": "treefmt-nix",
        "rev": "4f09b473c936d41582dd744e19f34ec27592c5fd",
        "type": "github"
      },
      "original": {
        "owner": "numtide",
        "repo": "treefmt-nix",
        "type": "github"
      }
    },
    "treefmt-nix_2": {
      "inputs": {
        "nixpkgs": [
          "nixpkgs"
        ]
      },
      "locked": {
        "lastModified": 1738953846,
        "narHash": "sha256-yrK3Hjcr8F7qS/j2F+r7C7o010eVWWlm4T1PrbKBOxQ=",
        "owner": "numtide",
        "repo": "treefmt-nix",
        "rev": "4f09b473c936d41582dd744e19f34ec27592c5fd",
        "type": "github"
      },
      "original": {
        "owner": "numtide",
        "repo": "treefmt-nix",
        "type": "github"
      }
    }
  },
  "root": "root",
  "version": 7
}
